
Microsoft Visual Studio Solution File, Format Version 12.00
# Visual Studio Version 16
VisualStudioVersion = 16.0.30104.148
MinimumVisualStudioVersion = 10.0.40219.1
Project("{FAE04EC0-301F-11D3-BF4B-00C04F79EFBC}") = "Server", "Server\Server.csproj", "{88A3FCF7-E68F-4336-8B00-C490A80252D1}"
EndProject
Project("{FAE04EC0-301F-11D3-BF4B-00C04F79EFBC}") = "Client", "Client\Client.csproj", "{EB822444-BCE3-42A1-88E7-C2D769BFD316}"
	ProjectSection(ProjectDependencies) = postProject
		{88A3FCF7-E68F-4336-8B00-C490A80252D1} = {88A3FCF7-E68F-4336-8B00-C490A80252D1}
	EndProjectSection
EndProject
Global
	GlobalSection(SolutionConfigurationPlatforms) = preSolution
		Debug|Any CPU = Debug|Any CPU
		Release|Any CPU = Release|Any CPU
	EndGlobalSection
	GlobalSection(ProjectConfigurationPlatforms) = postSolution
		{88A3FCF7-E68F-4336-8B00-C490A80252D1}.Debug|Any CPU.ActiveCfg = Debug|Any CPU
		{88A3FCF7-E68F-4336-8B00-C490A80252D1}.Debug|Any CPU.Build.0 = Debug|Any CPU
		{88A3FCF7-E68F-4336-8B00-C490A80252D1}.Release|Any CPU.ActiveCfg = Release|Any CPU
		{88A3FCF7-E68F-4336-8B00-C490A80252D1}.Release|Any CPU.Build.0 = Release|Any CPU
		{EB822444-BCE3-42A1-88E7-C2D769BFD316}.Debug|Any CPU.ActiveCfg = Debug|Any CPU
		{EB822444-BCE3-42A1-88E7-C2D769BFD316}.Debug|Any CPU.Build.0 = Debug|Any CPU
		{EB822444-BCE3-42A1-88E7-C2D769BFD316}.Release|Any CPU.ActiveCfg = Release|Any CPU
		{EB822444-BCE3-42A1-88E7-C2D769BFD316}.Release|Any CPU.Build.0 = Release|Any CPU
	EndGlobalSection
	GlobalSection(SolutionProperties) = preSolution
		HideSolutionNode = FALSE
	EndGlobalSection
	GlobalSection(ExtensibilityGlobals) = postSolution
		SolutionGuid = {8C571BD4-9325-4502-AE9F-B7792F80340B}
	EndGlobalSection
EndGlobal
