
Microsoft Visual Studio Solution File, Format Version 12.00
# Visual Studio Version 16
VisualStudioVersion = 16.0.29609.76
MinimumVisualStudioVersion = 10.0.40219.1
Project("{8BC9CEB8-8B4A-11D0-8D11-00A0C91BC942}") = "task-1_cpp", "task-1_cpp\task-1_cpp.vcxproj", "{A6590FF1-029F-4382-8980-14BA011A3229}"
EndProject
Project("{FAE04EC0-301F-11D3-BF4B-00C04F79EFBC}") = "task-2_cs", "task-2_cs\task-2_cs.csproj", "{9753622E-8911-4C13-8AEC-5527B2F71D3E}"
EndProject
Global
	GlobalSection(SolutionConfigurationPlatforms) = preSolution
		Debug|Any CPU = Debug|Any CPU
		Debug|x64 = Debug|x64
		Debug|x86 = Debug|x86
		Release|Any CPU = Release|Any CPU
		Release|x64 = Release|x64
		Release|x86 = Release|x86
	EndGlobalSection
	GlobalSection(ProjectConfigurationPlatforms) = postSolution
		{A6590FF1-029F-4382-8980-14BA011A3229}.Debug|Any CPU.ActiveCfg = Debug|Win32
		{A6590FF1-029F-4382-8980-14BA011A3229}.Debug|x64.ActiveCfg = Debug|x64
		{A6590FF1-029F-4382-8980-14BA011A3229}.Debug|x64.Build.0 = Debug|x64
		{A6590FF1-029F-4382-8980-14BA011A3229}.Debug|x86.ActiveCfg = Debug|Win32
		{A6590FF1-029F-4382-8980-14BA011A3229}.Debug|x86.Build.0 = Debug|Win32
		{A6590FF1-029F-4382-8980-14BA011A3229}.Release|Any CPU.ActiveCfg = Release|Win32
		{A6590FF1-029F-4382-8980-14BA011A3229}.Release|x64.ActiveCfg = Release|x64
		{A6590FF1-029F-4382-8980-14BA011A3229}.Release|x64.Build.0 = Release|x64
		{A6590FF1-029F-4382-8980-14BA011A3229}.Release|x86.ActiveCfg = Release|Win32
		{A6590FF1-029F-4382-8980-14BA011A3229}.Release|x86.Build.0 = Release|Win32
		{9753622E-8911-4C13-8AEC-5527B2F71D3E}.Debug|Any CPU.ActiveCfg = Debug|Any CPU
		{9753622E-8911-4C13-8AEC-5527B2F71D3E}.Debug|Any CPU.Build.0 = Debug|Any CPU
		{9753622E-8911-4C13-8AEC-5527B2F71D3E}.Debug|x64.ActiveCfg = Debug|Any CPU
		{9753622E-8911-4C13-8AEC-5527B2F71D3E}.Debug|x64.Build.0 = Debug|Any CPU
		{9753622E-8911-4C13-8AEC-5527B2F71D3E}.Debug|x86.ActiveCfg = Debug|Any CPU
		{9753622E-8911-4C13-8AEC-5527B2F71D3E}.Debug|x86.Build.0 = Debug|Any CPU
		{9753622E-8911-4C13-8AEC-5527B2F71D3E}.Release|Any CPU.ActiveCfg = Release|Any CPU
		{9753622E-8911-4C13-8AEC-5527B2F71D3E}.Release|Any CPU.Build.0 = Release|Any CPU
		{9753622E-8911-4C13-8AEC-5527B2F71D3E}.Release|x64.ActiveCfg = Release|Any CPU
		{9753622E-8911-4C13-8AEC-5527B2F71D3E}.Release|x64.Build.0 = Release|Any CPU
		{9753622E-8911-4C13-8AEC-5527B2F71D3E}.Release|x86.ActiveCfg = Release|Any CPU
		{9753622E-8911-4C13-8AEC-5527B2F71D3E}.Release|x86.Build.0 = Release|Any CPU
	EndGlobalSection
	GlobalSection(SolutionProperties) = preSolution
		HideSolutionNode = FALSE
	EndGlobalSection
	GlobalSection(ExtensibilityGlobals) = postSolution
		SolutionGuid = {01E2971C-F394-4961-9840-E56A9762334A}
	EndGlobalSection
EndGlobal
